
Microsoft Visual Studio Solution File, Format Version 11.00
# Visual Studio 2010
Project("{8BC9CEB8-8B4A-11D0-8D11-00A0C91BC942}") = "pe-parse", "pe-parse\pe-parse.vcxproj", "{98E37ACF-692C-4FDF-A5C9-ED975714660F}"
EndProject
Project("{8BC9CEB8-8B4A-11D0-8D11-00A0C91BC942}") = "pe-parse-lib", "pe-parse-lib\pe-parse-lib.vcxproj", "{4D1EFE65-9AC4-4D09-9CAB-7D0A6F42278D}"
EndProject
Project("{8BC9CEB8-8B4A-11D0-8D11-00A0C91BC942}") = "pe-parse-test", "pe-parse-test\pe-parse-test.vcxproj", "{23802643-1389-49BF-AD56-BBB2E4DB0105}"
EndProject
Global
	GlobalSection(SolutionConfigurationPlatforms) = preSolution
		Debug|Win32 = Debug|Win32
		Release|Win32 = Release|Win32
	EndGlobalSection
	GlobalSection(ProjectConfigurationPlatforms) = postSolution
		{98E37ACF-692C-4FDF-A5C9-ED975714660F}.Debug|Win32.ActiveCfg = Debug|Win32
		{98E37ACF-692C-4FDF-A5C9-ED975714660F}.Debug|Win32.Build.0 = Debug|Win32
		{98E37ACF-692C-4FDF-A5C9-ED975714660F}.Release|Win32.ActiveCfg = Release|Win32
		{98E37ACF-692C-4FDF-A5C9-ED975714660F}.Release|Win32.Build.0 = Release|Win32
		{4D1EFE65-9AC4-4D09-9CAB-7D0A6F42278D}.Debug|Win32.ActiveCfg = Debug|Win32
		{4D1EFE65-9AC4-4D09-9CAB-7D0A6F42278D}.Debug|Win32.Build.0 = Debug|Win32
		{4D1EFE65-9AC4-4D09-9CAB-7D0A6F42278D}.Release|Win32.ActiveCfg = Release|Win32
		{4D1EFE65-9AC4-4D09-9CAB-7D0A6F42278D}.Release|Win32.Build.0 = Release|Win32
		{23802643-1389-49BF-AD56-BBB2E4DB0105}.Debug|Win32.ActiveCfg = Debug|Win32
		{23802643-1389-49BF-AD56-BBB2E4DB0105}.Debug|Win32.Build.0 = Debug|Win32
		{23802643-1389-49BF-AD56-BBB2E4DB0105}.Release|Win32.ActiveCfg = Release|Win32
		{23802643-1389-49BF-AD56-BBB2E4DB0105}.Release|Win32.Build.0 = Release|Win32
	EndGlobalSection
	GlobalSection(SolutionProperties) = preSolution
		HideSolutionNode = FALSE
	EndGlobalSection
EndGlobal
